<?xml version="1.0" encoding="utf-8"?>
<Project ToolsVersion="4.0" xmlns="http://schemas.microsoft.com/developer/msbuild/2003">
  <ItemGroup>
    <Filter Include="Исходные файлы">
      <UniqueIdentifier>{4FC737F1-C7A5-4376-A066-2A32D752A2FF}</UniqueIdentifier>
      <Extensions>cpp;c;cc;cxx;c++;cppm;ixx;def;odl;idl;hpj;bat;asm;asmx</Extensions>
    </Filter>
    <Filter Include="Файлы заголовков">
      <UniqueIdentifier>{93995380-89BD-4b04-88EB-625FBE52EBFB}</UniqueIdentifier>
      <Extensions>h;hh;hpp;hxx;h++;hm;inl;inc;ipp;xsd</Extensions>
    </Filter>
    <Filter Include="Файлы ресурсов">
      <UniqueIdentifier>{67DA6AB6-F800-4c08-8B7A-83BB121AAD01}</UniqueIdentifier>
      <Extensions>rc;ico;cur;bmp;dlg;rc2;rct;bin;rgs;gif;jpg;jpeg;jpe;resx;tiff;tif;png;wav;mfcribbon-ms</Extensions>
    </Filter>
    <Filter Include="Исходные файлы\FileStream">
      <UniqueIdentifier>{9b893c4f-8111-47eb-a01b-61f0edb5a472}</UniqueIdentifier>
    </Filter>
    <Filter Include="Исходные файлы\FilePointer">
      <UniqueIdentifier>{0d5d8979-06e2-4cb0-aacd-110699259b74}</UniqueIdentifier>
    </Filter>
    <Filter Include="Файлы заголовков\FileStream">
      <UniqueIdentifier>{85671f2b-bc8c-465f-b1ef-ef86b22bf9e0}</UniqueIdentifier>
    </Filter>
    <Filter Include="Файлы заголовков\FilePointer">
      <UniqueIdentifier>{75ef92f1-7a4b-4200-bfbe-65eef320cf32}</UniqueIdentifier>
    </Filter>
  </ItemGroup>
  <ItemGroup>
    <ClCompile Include="Mode.cpp">
      <Filter>Исходные файлы</Filter>
    </ClCompile>
    <ClCompile Include="FileStream.cpp">
      <Filter>Исходные файлы\FileStream</Filter>
    </ClCompile>
    <ClCompile Include="MainLibStream.cpp">
      <Filter>Исходные файлы\FileStream</Filter>
    </ClCompile>
    <ClCompile Include="LatinStream.cpp">
      <Filter>Исходные файлы\FileStream</Filter>
    </ClCompile>
    <ClCompile Include="StdioFileStream.cpp">
      <Filter>Исходные файлы\FileStream</Filter>
    </ClCompile>
    <ClCompile Include="LatinPointer.cpp">
      <Filter>Исходные файлы\FilePointer</Filter>
    </ClCompile>
    <ClCompile Include="MainLibPointer.cpp">
      <Filter>Исходные файлы\FilePointer</Filter>
    </ClCompile>
    <ClCompile Include="StdioFilePointer.cpp">
      <Filter>Исходные файлы\FilePointer</Filter>
    </ClCompile>
    <ClCompile Include="FilePointer.cpp">
      <Filter>Исходные файлы\FilePointer</Filter>
    </ClCompile>
  </ItemGroup>
  <ItemGroup>
    <ClInclude Include="FileStream.h">
      <Filter>Файлы заголовков\FileStream</Filter>
    </ClInclude>
    <ClInclude Include="MainLibStream.h">
      <Filter>Файлы заголовков\FileStream</Filter>
    </ClInclude>
    <ClInclude Include="StdioFileStream.h">
      <Filter>Файлы заголовков\FileStream</Filter>
    </ClInclude>
    <ClInclude Include="LatinStream.h">
      <Filter>Файлы заголовков\FileStream</Filter>
    </ClInclude>
    <ClInclude Include="MainLibPointer.h">
      <Filter>Файлы заголовков\FilePointer</Filter>
    </ClInclude>
    <ClInclude Include="FilePointer.h">
      <Filter>Файлы заголовков\FilePointer</Filter>
    </ClInclude>
    <ClInclude Include="LatinPointer.h">
      <Filter>Файлы заголовков\FilePointer</Filter>
    </ClInclude>
    <ClInclude Include="StdioFilePointer.h">
      <Filter>Файлы заголовков\FilePointer</Filter>
    </ClInclude>
  </ItemGroup>
</Project>